
Microsoft Visual Studio Solution File, Format Version 12.00
# Visual Studio Version 17
VisualStudioVersion = 17.10.35122.118
MinimumVisualStudioVersion = 10.0.40219.1
Project("{FAE04EC0-301F-11D3-BF4B-00C04F79EFBC}") = "My-api", "My-api\My-api.csproj", "{C078A8ED-A3A2-409E-90EE-275C2C7CDB29}"
EndProject
Global
	GlobalSection(SolutionConfigurationPlatforms) = preSolution
		Debug|Any CPU = Debug|Any CPU
		Release|Any CPU = Release|Any CPU
	EndGlobalSection
	GlobalSection(ProjectConfigurationPlatforms) = postSolution
		{C078A8ED-A3A2-409E-90EE-275C2C7CDB29}.Debug|Any CPU.ActiveCfg = Debug|Any CPU
		{C078A8ED-A3A2-409E-90EE-275C2C7CDB29}.Debug|Any CPU.Build.0 = Debug|Any CPU
		{C078A8ED-A3A2-409E-90EE-275C2C7CDB29}.Release|Any CPU.ActiveCfg = Release|Any CPU
		{C078A8ED-A3A2-409E-90EE-275C2C7CDB29}.Release|Any CPU.Build.0 = Release|Any CPU
	EndGlobalSection
	GlobalSection(SolutionProperties) = preSolution
		HideSolutionNode = FALSE
	EndGlobalSection
	GlobalSection(ExtensibilityGlobals) = postSolution
		SolutionGuid = {21C564DC-DEEF-4DCA-84A1-E77486B93EB0}
	EndGlobalSection
EndGlobal
